
Microsoft Visual Studio Solution File, Format Version 12.00
# Visual Studio Version 17
VisualStudioVersion = 17.11.35312.102
MinimumVisualStudioVersion = 10.0.40219.1
Project("{9A19103F-16F7-4668-BE54-9A1E7A4F7556}") = "Course", "Funcionario\Course.csproj", "{9AE596E8-1799-41E5-9586-7D3A08D0FD84}"
EndProject
Global
	GlobalSection(SolutionConfigurationPlatforms) = preSolution
		Debug|Any CPU = Debug|Any CPU
		Release|Any CPU = Release|Any CPU
	EndGlobalSection
	GlobalSection(ProjectConfigurationPlatforms) = postSolution
		{9AE596E8-1799-41E5-9586-7D3A08D0FD84}.Debug|Any CPU.ActiveCfg = Debug|Any CPU
		{9AE596E8-1799-41E5-9586-7D3A08D0FD84}.Debug|Any CPU.Build.0 = Debug|Any CPU
		{9AE596E8-1799-41E5-9586-7D3A08D0FD84}.Release|Any CPU.ActiveCfg = Release|Any CPU
		{9AE596E8-1799-41E5-9586-7D3A08D0FD84}.Release|Any CPU.Build.0 = Release|Any CPU
	EndGlobalSection
	GlobalSection(SolutionProperties) = preSolution
		HideSolutionNode = FALSE
	EndGlobalSection
	GlobalSection(ExtensibilityGlobals) = postSolution
		SolutionGuid = {03AF65EE-FA3C-478C-B5F3-43F14A9F508B}
	EndGlobalSection
EndGlobal
